
Microsoft Visual Studio Solution File, Format Version 12.00
# Visual Studio 15
VisualStudioVersion = 15.0.28307.136
MinimumVisualStudioVersion = 10.0.40219.1
Project("{FAE04EC0-301F-11D3-BF4B-00C04F79EFBC}") = "ConsoleApp1", "ConsoleApp1\ConsoleApp1.csproj", "{81D6A8C9-E1C0-4CAA-9B09-CC55B822FF91}"
EndProject
Project("{FAE04EC0-301F-11D3-BF4B-00C04F79EFBC}") = "ArrayToList", "ArrayToList\ArrayToList.csproj", "{7BA7BF49-565E-4249-A143-17A987BB4E9B}"
EndProject
Global
	GlobalSection(SolutionConfigurationPlatforms) = preSolution
		Debug|Any CPU = Debug|Any CPU
		Release|Any CPU = Release|Any CPU
	EndGlobalSection
	GlobalSection(ProjectConfigurationPlatforms) = postSolution
		{81D6A8C9-E1C0-4CAA-9B09-CC55B822FF91}.Debug|Any CPU.ActiveCfg = Debug|Any CPU
		{81D6A8C9-E1C0-4CAA-9B09-CC55B822FF91}.Debug|Any CPU.Build.0 = Debug|Any CPU
		{81D6A8C9-E1C0-4CAA-9B09-CC55B822FF91}.Release|Any CPU.ActiveCfg = Release|Any CPU
		{81D6A8C9-E1C0-4CAA-9B09-CC55B822FF91}.Release|Any CPU.Build.0 = Release|Any CPU
		{7BA7BF49-565E-4249-A143-17A987BB4E9B}.Debug|Any CPU.ActiveCfg = Debug|Any CPU
		{7BA7BF49-565E-4249-A143-17A987BB4E9B}.Debug|Any CPU.Build.0 = Debug|Any CPU
		{7BA7BF49-565E-4249-A143-17A987BB4E9B}.Release|Any CPU.ActiveCfg = Release|Any CPU
		{7BA7BF49-565E-4249-A143-17A987BB4E9B}.Release|Any CPU.Build.0 = Release|Any CPU
	EndGlobalSection
	GlobalSection(SolutionProperties) = preSolution
		HideSolutionNode = FALSE
	EndGlobalSection
	GlobalSection(ExtensibilityGlobals) = postSolution
		SolutionGuid = {DB4C5EE6-3C8D-4ADF-BB6F-9CED2E369548}
	EndGlobalSection
EndGlobal
